
Microsoft Visual Studio Solution File, Format Version 12.00
# Visual Studio 14
VisualStudioVersion = 14.0.24720.0
MinimumVisualStudioVersion = 10.0.40219.1
Project("{2150E333-8FDC-42A3-9474-1A3956D46DE8}") = "Solution Items", "Solution Items", "{42EEED00-3E3F-498A-9667-C1DA2B2522A9}"
	ProjectSection(SolutionItems) = preProject
		ERHMS.targets = ERHMS.targets
	EndProjectSection
EndProject
Project("{FAE04EC0-301F-11D3-BF4B-00C04F79EFBC}") = "ERHMS.Utility", "ERHMS.Utility\ERHMS.Utility.csproj", "{F8E50F50-057D-4666-9555-16A773B925E9}"
EndProject
Project("{FAE04EC0-301F-11D3-BF4B-00C04F79EFBC}") = "ERHMS.EpiInfo", "ERHMS.EpiInfo\ERHMS.EpiInfo.csproj", "{3C13EECD-CAF7-4DE2-A93D-65F791318BAA}"
EndProject
Project("{FAE04EC0-301F-11D3-BF4B-00C04F79EFBC}") = "ERHMS.EpiInfo.Domain", "ERHMS.EpiInfo.Domain\ERHMS.EpiInfo.Domain.csproj", "{0D41B95E-CF48-40A9-B7C5-71A6E5BB9924}"
EndProject
Project("{FAE04EC0-301F-11D3-BF4B-00C04F79EFBC}") = "ERHMS.EpiInfo.DataAccess", "ERHMS.EpiInfo.DataAccess\ERHMS.EpiInfo.DataAccess.csproj", "{AF729D69-3971-45EE-B351-1FC9BFD6ED7D}"
EndProject
Project("{FAE04EC0-301F-11D3-BF4B-00C04F79EFBC}") = "ERHMS.EpiInfo.Communication", "ERHMS.EpiInfo.Communication\ERHMS.EpiInfo.Communication.csproj", "{4FEB8705-98BB-431C-9878-004B0C4D7D41}"
EndProject
Project("{FAE04EC0-301F-11D3-BF4B-00C04F79EFBC}") = "ERHMS.EpiInfo.Analysis", "ERHMS.EpiInfo.Analysis\ERHMS.EpiInfo.Analysis.csproj", "{02554B6E-557D-4C58-AE39-4AC674755D71}"
EndProject
Project("{FAE04EC0-301F-11D3-BF4B-00C04F79EFBC}") = "ERHMS.EpiInfo.AnalysisDashboard", "ERHMS.EpiInfo.AnalysisDashboard\ERHMS.EpiInfo.AnalysisDashboard.csproj", "{0545C649-4922-4C42-89B1-518C056FB483}"
EndProject
Project("{FAE04EC0-301F-11D3-BF4B-00C04F79EFBC}") = "ERHMS.EpiInfo.Enter", "ERHMS.EpiInfo.Enter\ERHMS.EpiInfo.Enter.csproj", "{1F323F8B-AC7B-4DBA-94CC-9B9C2E7D7652}"
EndProject
Project("{FAE04EC0-301F-11D3-BF4B-00C04F79EFBC}") = "ERHMS.EpiInfo.ImportExport", "ERHMS.EpiInfo.ImportExport\ERHMS.EpiInfo.ImportExport.csproj", "{E55468B5-C9B9-4AC4-84DA-DEDB30F28DCE}"
EndProject
Project("{FAE04EC0-301F-11D3-BF4B-00C04F79EFBC}") = "ERHMS.EpiInfo.MakeView", "ERHMS.EpiInfo.MakeView\ERHMS.EpiInfo.MakeView.csproj", "{B9BD5854-5610-41BB-89F1-8BFA0A1DDD4F}"
EndProject
Project("{FAE04EC0-301F-11D3-BF4B-00C04F79EFBC}") = "ERHMS.Domain", "ERHMS.Domain\ERHMS.Domain.csproj", "{F979D2BB-289F-443F-BFE4-AB3CB877C521}"
EndProject
Project("{FAE04EC0-301F-11D3-BF4B-00C04F79EFBC}") = "ERHMS.DataAccess", "ERHMS.DataAccess\ERHMS.DataAccess.csproj", "{66FD6304-C5E0-4502-9EA2-DC326C470154}"
EndProject
Project("{FAE04EC0-301F-11D3-BF4B-00C04F79EFBC}") = "ERHMS.Sandbox", "ERHMS.Sandbox\ERHMS.Sandbox.csproj", "{82C5A344-BE5D-4EFD-B81E-0A4144490782}"
EndProject
Global
	GlobalSection(SolutionConfigurationPlatforms) = preSolution
		Debug|x86 = Debug|x86
		Release|x86 = Release|x86
	EndGlobalSection
	GlobalSection(ProjectConfigurationPlatforms) = postSolution
		{F8E50F50-057D-4666-9555-16A773B925E9}.Debug|x86.ActiveCfg = Debug|x86
		{F8E50F50-057D-4666-9555-16A773B925E9}.Debug|x86.Build.0 = Debug|x86
		{F8E50F50-057D-4666-9555-16A773B925E9}.Release|x86.ActiveCfg = Release|x86
		{F8E50F50-057D-4666-9555-16A773B925E9}.Release|x86.Build.0 = Release|x86
		{3C13EECD-CAF7-4DE2-A93D-65F791318BAA}.Debug|x86.ActiveCfg = Debug|x86
		{3C13EECD-CAF7-4DE2-A93D-65F791318BAA}.Debug|x86.Build.0 = Debug|x86
		{3C13EECD-CAF7-4DE2-A93D-65F791318BAA}.Release|x86.ActiveCfg = Release|x86
		{3C13EECD-CAF7-4DE2-A93D-65F791318BAA}.Release|x86.Build.0 = Release|x86
		{0D41B95E-CF48-40A9-B7C5-71A6E5BB9924}.Debug|x86.ActiveCfg = Debug|x86
		{0D41B95E-CF48-40A9-B7C5-71A6E5BB9924}.Debug|x86.Build.0 = Debug|x86
		{0D41B95E-CF48-40A9-B7C5-71A6E5BB9924}.Release|x86.ActiveCfg = Release|x86
		{0D41B95E-CF48-40A9-B7C5-71A6E5BB9924}.Release|x86.Build.0 = Release|x86
		{AF729D69-3971-45EE-B351-1FC9BFD6ED7D}.Debug|x86.ActiveCfg = Debug|x86
		{AF729D69-3971-45EE-B351-1FC9BFD6ED7D}.Debug|x86.Build.0 = Debug|x86
		{AF729D69-3971-45EE-B351-1FC9BFD6ED7D}.Release|x86.ActiveCfg = Release|x86
		{AF729D69-3971-45EE-B351-1FC9BFD6ED7D}.Release|x86.Build.0 = Release|x86
		{4FEB8705-98BB-431C-9878-004B0C4D7D41}.Debug|x86.ActiveCfg = Debug|x86
		{4FEB8705-98BB-431C-9878-004B0C4D7D41}.Debug|x86.Build.0 = Debug|x86
		{4FEB8705-98BB-431C-9878-004B0C4D7D41}.Release|x86.ActiveCfg = Release|x86
		{4FEB8705-98BB-431C-9878-004B0C4D7D41}.Release|x86.Build.0 = Release|x86
		{02554B6E-557D-4C58-AE39-4AC674755D71}.Debug|x86.ActiveCfg = Debug|x86
		{02554B6E-557D-4C58-AE39-4AC674755D71}.Debug|x86.Build.0 = Debug|x86
		{02554B6E-557D-4C58-AE39-4AC674755D71}.Release|x86.ActiveCfg = Release|x86
		{02554B6E-557D-4C58-AE39-4AC674755D71}.Release|x86.Build.0 = Release|x86
		{0545C649-4922-4C42-89B1-518C056FB483}.Debug|x86.ActiveCfg = Debug|x86
		{0545C649-4922-4C42-89B1-518C056FB483}.Debug|x86.Build.0 = Debug|x86
		{0545C649-4922-4C42-89B1-518C056FB483}.Release|x86.ActiveCfg = Release|x86
		{0545C649-4922-4C42-89B1-518C056FB483}.Release|x86.Build.0 = Release|x86
		{1F323F8B-AC7B-4DBA-94CC-9B9C2E7D7652}.Debug|x86.ActiveCfg = Debug|x86
		{1F323F8B-AC7B-4DBA-94CC-9B9C2E7D7652}.Debug|x86.Build.0 = Debug|x86
		{1F323F8B-AC7B-4DBA-94CC-9B9C2E7D7652}.Release|x86.ActiveCfg = Release|x86
		{1F323F8B-AC7B-4DBA-94CC-9B9C2E7D7652}.Release|x86.Build.0 = Release|x86
		{E55468B5-C9B9-4AC4-84DA-DEDB30F28DCE}.Debug|x86.ActiveCfg = Debug|x86
		{E55468B5-C9B9-4AC4-84DA-DEDB30F28DCE}.Debug|x86.Build.0 = Debug|x86
		{E55468B5-C9B9-4AC4-84DA-DEDB30F28DCE}.Release|x86.ActiveCfg = Release|x86
		{E55468B5-C9B9-4AC4-84DA-DEDB30F28DCE}.Release|x86.Build.0 = Release|x86
		{B9BD5854-5610-41BB-89F1-8BFA0A1DDD4F}.Debug|x86.ActiveCfg = Debug|x86
		{B9BD5854-5610-41BB-89F1-8BFA0A1DDD4F}.Debug|x86.Build.0 = Debug|x86
		{B9BD5854-5610-41BB-89F1-8BFA0A1DDD4F}.Release|x86.ActiveCfg = Release|x86
		{B9BD5854-5610-41BB-89F1-8BFA0A1DDD4F}.Release|x86.Build.0 = Release|x86
		{F979D2BB-289F-443F-BFE4-AB3CB877C521}.Debug|x86.ActiveCfg = Debug|x86
		{F979D2BB-289F-443F-BFE4-AB3CB877C521}.Debug|x86.Build.0 = Debug|x86
		{F979D2BB-289F-443F-BFE4-AB3CB877C521}.Release|x86.ActiveCfg = Release|x86
		{F979D2BB-289F-443F-BFE4-AB3CB877C521}.Release|x86.Build.0 = Release|x86
		{66FD6304-C5E0-4502-9EA2-DC326C470154}.Debug|x86.ActiveCfg = Debug|x86
		{66FD6304-C5E0-4502-9EA2-DC326C470154}.Debug|x86.Build.0 = Debug|x86
		{66FD6304-C5E0-4502-9EA2-DC326C470154}.Release|x86.ActiveCfg = Release|x86
		{66FD6304-C5E0-4502-9EA2-DC326C470154}.Release|x86.Build.0 = Release|x86
		{82C5A344-BE5D-4EFD-B81E-0A4144490782}.Debug|x86.ActiveCfg = Debug|x86
		{82C5A344-BE5D-4EFD-B81E-0A4144490782}.Debug|x86.Build.0 = Debug|x86
		{82C5A344-BE5D-4EFD-B81E-0A4144490782}.Release|x86.ActiveCfg = Release|x86
		{82C5A344-BE5D-4EFD-B81E-0A4144490782}.Release|x86.Build.0 = Release|x86
	EndGlobalSection
	GlobalSection(SolutionProperties) = preSolution
		HideSolutionNode = FALSE
	EndGlobalSection
EndGlobal
