
Microsoft Visual Studio Solution File, Format Version 12.00
# Visual Studio 14
VisualStudioVersion = 14.0.25420.1
MinimumVisualStudioVersion = 10.0.40219.1
Project("{2150E333-8FDC-42A3-9474-1A3956D46DE8}") = "Solution Items", "Solution Items", "{42EEED00-3E3F-498A-9667-C1DA2B2522A9}"
	ProjectSection(SolutionItems) = preProject
		COPYRIGHT.txt = COPYRIGHT.txt
		Deployment.txt = Deployment.txt
		ERHMS.Build.targets = ERHMS.Build.targets
		ERHMS.Build.Wrappers.targets = ERHMS.Build.Wrappers.targets
		ERHMS.Common.targets = ERHMS.Common.targets
		ERHMS.Deploy.targets = ERHMS.Deploy.targets
		ERHMS.Test.targets = ERHMS.Test.targets
		LICENSE.txt = LICENSE.txt
		NOTICE.txt = NOTICE.txt
		shortcut.vbs = shortcut.vbs
	EndProjectSection
EndProject
Project("{FAE04EC0-301F-11D3-BF4B-00C04F79EFBC}") = "ERHMS.Utility", "ERHMS.Utility\ERHMS.Utility.csproj", "{F8E50F50-057D-4666-9555-16A773B925E9}"
EndProject
Project("{FAE04EC0-301F-11D3-BF4B-00C04F79EFBC}") = "ERHMS.Dapper", "ERHMS.Dapper\ERHMS.Dapper.csproj", "{DB2A0170-D0E9-40B3-A270-D4A47F2F7FE7}"
EndProject
Project("{FAE04EC0-301F-11D3-BF4B-00C04F79EFBC}") = "ERHMS.EpiInfo", "ERHMS.EpiInfo\ERHMS.EpiInfo.csproj", "{3C13EECD-CAF7-4DE2-A93D-65F791318BAA}"
EndProject
Project("{FAE04EC0-301F-11D3-BF4B-00C04F79EFBC}") = "ERHMS.EpiInfo.Wrappers.Analysis", "ERHMS.EpiInfo.Wrappers.Analysis\ERHMS.EpiInfo.Wrappers.Analysis.csproj", "{02554B6E-557D-4C58-AE39-4AC674755D71}"
EndProject
Project("{FAE04EC0-301F-11D3-BF4B-00C04F79EFBC}") = "ERHMS.EpiInfo.Wrappers.AnalysisDashboard", "ERHMS.EpiInfo.Wrappers.AnalysisDashboard\ERHMS.EpiInfo.Wrappers.AnalysisDashboard.csproj", "{0545C649-4922-4C42-89B1-518C056FB483}"
EndProject
Project("{FAE04EC0-301F-11D3-BF4B-00C04F79EFBC}") = "ERHMS.EpiInfo.Wrappers.Enter", "ERHMS.EpiInfo.Wrappers.Enter\ERHMS.EpiInfo.Wrappers.Enter.csproj", "{1F323F8B-AC7B-4DBA-94CC-9B9C2E7D7652}"
EndProject
Project("{FAE04EC0-301F-11D3-BF4B-00C04F79EFBC}") = "ERHMS.EpiInfo.Wrappers.MakeView", "ERHMS.EpiInfo.Wrappers.MakeView\ERHMS.EpiInfo.Wrappers.MakeView.csproj", "{B9BD5854-5610-41BB-89F1-8BFA0A1DDD4F}"
EndProject
Project("{FAE04EC0-301F-11D3-BF4B-00C04F79EFBC}") = "ERHMS.EpiInfo.Web", "ERHMS.EpiInfo.Web\ERHMS.EpiInfo.Web.csproj", "{05366C9D-7568-4C45-9C80-C77B18EB69E8}"
EndProject
Project("{FAE04EC0-301F-11D3-BF4B-00C04F79EFBC}") = "ERHMS.EpiInfo.Domain", "ERHMS.EpiInfo.Domain\ERHMS.EpiInfo.Domain.csproj", "{0D41B95E-CF48-40A9-B7C5-71A6E5BB9924}"
EndProject
Project("{FAE04EC0-301F-11D3-BF4B-00C04F79EFBC}") = "ERHMS.EpiInfo.DataAccess", "ERHMS.EpiInfo.DataAccess\ERHMS.EpiInfo.DataAccess.csproj", "{AF729D69-3971-45EE-B351-1FC9BFD6ED7D}"
EndProject
Project("{FAE04EC0-301F-11D3-BF4B-00C04F79EFBC}") = "ERHMS.Domain", "ERHMS.Domain\ERHMS.Domain.csproj", "{F979D2BB-289F-443F-BFE4-AB3CB877C521}"
EndProject
Project("{FAE04EC0-301F-11D3-BF4B-00C04F79EFBC}") = "ERHMS.DataAccess", "ERHMS.DataAccess\ERHMS.DataAccess.csproj", "{66FD6304-C5E0-4502-9EA2-DC326C470154}"
EndProject
Project("{FAE04EC0-301F-11D3-BF4B-00C04F79EFBC}") = "ERHMS.Presentation", "ERHMS.Presentation\ERHMS.Presentation.csproj", "{7D000598-61C2-42F5-9C9E-25DA05B2C90D}"
EndProject
Project("{FAE04EC0-301F-11D3-BF4B-00C04F79EFBC}") = "ERHMS.Test.Wrappers.Test", "ERHMS.Test.Wrappers.Test\ERHMS.Test.Wrappers.Test.csproj", "{086EC5C0-1CBE-4ECB-8C28-B62DA47A6FA1}"
EndProject
Project("{FAE04EC0-301F-11D3-BF4B-00C04F79EFBC}") = "ERHMS.Test", "ERHMS.Test\ERHMS.Test.csproj", "{EBE64B8B-0CD8-4245-B27D-7534B6472741}"
EndProject
Project("{FAE04EC0-301F-11D3-BF4B-00C04F79EFBC}") = "ERHMS.Launcher", "ERHMS.Launcher\ERHMS.Launcher.csproj", "{A25BA0EF-FC69-44BF-8F73-32EB8B3843F3}"
EndProject
Project("{FAE04EC0-301F-11D3-BF4B-00C04F79EFBC}") = "ERHMS", "ERHMS\ERHMS.csproj", "{5AB92A6D-4845-4AC0-A8AC-2C79EEF212DF}"
	ProjectSection(ProjectDependencies) = postProject
		{7D000598-61C2-42F5-9C9E-25DA05B2C90D} = {7D000598-61C2-42F5-9C9E-25DA05B2C90D}
	EndProjectSection
EndProject
Project("{FAE04EC0-301F-11D3-BF4B-00C04F79EFBC}") = "ERHMS.Beta", "ERHMS.Beta\ERHMS.Beta.csproj", "{4E10E881-7D3B-4A2D-AEC7-9A657C0B3450}"
	ProjectSection(ProjectDependencies) = postProject
		{7D000598-61C2-42F5-9C9E-25DA05B2C90D} = {7D000598-61C2-42F5-9C9E-25DA05B2C90D}
	EndProjectSection
EndProject
Global
	GlobalSection(SolutionConfigurationPlatforms) = preSolution
		Debug.Full|x86 = Debug.Full|x86
		Debug|x86 = Debug|x86
		Release|x86 = Release|x86
	EndGlobalSection
	GlobalSection(ProjectConfigurationPlatforms) = postSolution
		{F8E50F50-057D-4666-9555-16A773B925E9}.Debug.Full|x86.ActiveCfg = Debug|x86
		{F8E50F50-057D-4666-9555-16A773B925E9}.Debug.Full|x86.Build.0 = Debug|x86
		{F8E50F50-057D-4666-9555-16A773B925E9}.Debug|x86.ActiveCfg = Debug|x86
		{F8E50F50-057D-4666-9555-16A773B925E9}.Debug|x86.Build.0 = Debug|x86
		{F8E50F50-057D-4666-9555-16A773B925E9}.Release|x86.ActiveCfg = Release|x86
		{F8E50F50-057D-4666-9555-16A773B925E9}.Release|x86.Build.0 = Release|x86
		{DB2A0170-D0E9-40B3-A270-D4A47F2F7FE7}.Debug.Full|x86.ActiveCfg = Debug|x86
		{DB2A0170-D0E9-40B3-A270-D4A47F2F7FE7}.Debug.Full|x86.Build.0 = Debug|x86
		{DB2A0170-D0E9-40B3-A270-D4A47F2F7FE7}.Debug|x86.ActiveCfg = Debug|x86
		{DB2A0170-D0E9-40B3-A270-D4A47F2F7FE7}.Debug|x86.Build.0 = Debug|x86
		{DB2A0170-D0E9-40B3-A270-D4A47F2F7FE7}.Release|x86.ActiveCfg = Release|x86
		{DB2A0170-D0E9-40B3-A270-D4A47F2F7FE7}.Release|x86.Build.0 = Release|x86
		{3C13EECD-CAF7-4DE2-A93D-65F791318BAA}.Debug.Full|x86.ActiveCfg = Debug|x86
		{3C13EECD-CAF7-4DE2-A93D-65F791318BAA}.Debug.Full|x86.Build.0 = Debug|x86
		{3C13EECD-CAF7-4DE2-A93D-65F791318BAA}.Debug|x86.ActiveCfg = Debug|x86
		{3C13EECD-CAF7-4DE2-A93D-65F791318BAA}.Debug|x86.Build.0 = Debug|x86
		{3C13EECD-CAF7-4DE2-A93D-65F791318BAA}.Release|x86.ActiveCfg = Release|x86
		{3C13EECD-CAF7-4DE2-A93D-65F791318BAA}.Release|x86.Build.0 = Release|x86
		{02554B6E-557D-4C58-AE39-4AC674755D71}.Debug.Full|x86.ActiveCfg = Debug|x86
		{02554B6E-557D-4C58-AE39-4AC674755D71}.Debug.Full|x86.Build.0 = Debug|x86
		{02554B6E-557D-4C58-AE39-4AC674755D71}.Debug|x86.ActiveCfg = Debug|x86
		{02554B6E-557D-4C58-AE39-4AC674755D71}.Debug|x86.Build.0 = Debug|x86
		{02554B6E-557D-4C58-AE39-4AC674755D71}.Release|x86.ActiveCfg = Release|x86
		{02554B6E-557D-4C58-AE39-4AC674755D71}.Release|x86.Build.0 = Release|x86
		{0545C649-4922-4C42-89B1-518C056FB483}.Debug.Full|x86.ActiveCfg = Debug|x86
		{0545C649-4922-4C42-89B1-518C056FB483}.Debug.Full|x86.Build.0 = Debug|x86
		{0545C649-4922-4C42-89B1-518C056FB483}.Debug|x86.ActiveCfg = Debug|x86
		{0545C649-4922-4C42-89B1-518C056FB483}.Debug|x86.Build.0 = Debug|x86
		{0545C649-4922-4C42-89B1-518C056FB483}.Release|x86.ActiveCfg = Release|x86
		{0545C649-4922-4C42-89B1-518C056FB483}.Release|x86.Build.0 = Release|x86
		{1F323F8B-AC7B-4DBA-94CC-9B9C2E7D7652}.Debug.Full|x86.ActiveCfg = Debug|x86
		{1F323F8B-AC7B-4DBA-94CC-9B9C2E7D7652}.Debug.Full|x86.Build.0 = Debug|x86
		{1F323F8B-AC7B-4DBA-94CC-9B9C2E7D7652}.Debug|x86.ActiveCfg = Debug|x86
		{1F323F8B-AC7B-4DBA-94CC-9B9C2E7D7652}.Debug|x86.Build.0 = Debug|x86
		{1F323F8B-AC7B-4DBA-94CC-9B9C2E7D7652}.Release|x86.ActiveCfg = Release|x86
		{1F323F8B-AC7B-4DBA-94CC-9B9C2E7D7652}.Release|x86.Build.0 = Release|x86
		{B9BD5854-5610-41BB-89F1-8BFA0A1DDD4F}.Debug.Full|x86.ActiveCfg = Debug|x86
		{B9BD5854-5610-41BB-89F1-8BFA0A1DDD4F}.Debug.Full|x86.Build.0 = Debug|x86
		{B9BD5854-5610-41BB-89F1-8BFA0A1DDD4F}.Debug|x86.ActiveCfg = Debug|x86
		{B9BD5854-5610-41BB-89F1-8BFA0A1DDD4F}.Debug|x86.Build.0 = Debug|x86
		{B9BD5854-5610-41BB-89F1-8BFA0A1DDD4F}.Release|x86.ActiveCfg = Release|x86
		{B9BD5854-5610-41BB-89F1-8BFA0A1DDD4F}.Release|x86.Build.0 = Release|x86
		{05366C9D-7568-4C45-9C80-C77B18EB69E8}.Debug.Full|x86.ActiveCfg = Debug|x86
		{05366C9D-7568-4C45-9C80-C77B18EB69E8}.Debug.Full|x86.Build.0 = Debug|x86
		{05366C9D-7568-4C45-9C80-C77B18EB69E8}.Debug|x86.ActiveCfg = Debug|x86
		{05366C9D-7568-4C45-9C80-C77B18EB69E8}.Debug|x86.Build.0 = Debug|x86
		{05366C9D-7568-4C45-9C80-C77B18EB69E8}.Release|x86.ActiveCfg = Release|x86
		{05366C9D-7568-4C45-9C80-C77B18EB69E8}.Release|x86.Build.0 = Release|x86
		{0D41B95E-CF48-40A9-B7C5-71A6E5BB9924}.Debug.Full|x86.ActiveCfg = Debug|x86
		{0D41B95E-CF48-40A9-B7C5-71A6E5BB9924}.Debug.Full|x86.Build.0 = Debug|x86
		{0D41B95E-CF48-40A9-B7C5-71A6E5BB9924}.Debug|x86.ActiveCfg = Debug|x86
		{0D41B95E-CF48-40A9-B7C5-71A6E5BB9924}.Debug|x86.Build.0 = Debug|x86
		{0D41B95E-CF48-40A9-B7C5-71A6E5BB9924}.Release|x86.ActiveCfg = Release|x86
		{0D41B95E-CF48-40A9-B7C5-71A6E5BB9924}.Release|x86.Build.0 = Release|x86
		{AF729D69-3971-45EE-B351-1FC9BFD6ED7D}.Debug.Full|x86.ActiveCfg = Debug|x86
		{AF729D69-3971-45EE-B351-1FC9BFD6ED7D}.Debug.Full|x86.Build.0 = Debug|x86
		{AF729D69-3971-45EE-B351-1FC9BFD6ED7D}.Debug|x86.ActiveCfg = Debug|x86
		{AF729D69-3971-45EE-B351-1FC9BFD6ED7D}.Debug|x86.Build.0 = Debug|x86
		{AF729D69-3971-45EE-B351-1FC9BFD6ED7D}.Release|x86.ActiveCfg = Release|x86
		{AF729D69-3971-45EE-B351-1FC9BFD6ED7D}.Release|x86.Build.0 = Release|x86
		{F979D2BB-289F-443F-BFE4-AB3CB877C521}.Debug.Full|x86.ActiveCfg = Debug|x86
		{F979D2BB-289F-443F-BFE4-AB3CB877C521}.Debug.Full|x86.Build.0 = Debug|x86
		{F979D2BB-289F-443F-BFE4-AB3CB877C521}.Debug|x86.ActiveCfg = Debug|x86
		{F979D2BB-289F-443F-BFE4-AB3CB877C521}.Debug|x86.Build.0 = Debug|x86
		{F979D2BB-289F-443F-BFE4-AB3CB877C521}.Release|x86.ActiveCfg = Release|x86
		{F979D2BB-289F-443F-BFE4-AB3CB877C521}.Release|x86.Build.0 = Release|x86
		{66FD6304-C5E0-4502-9EA2-DC326C470154}.Debug.Full|x86.ActiveCfg = Debug|x86
		{66FD6304-C5E0-4502-9EA2-DC326C470154}.Debug.Full|x86.Build.0 = Debug|x86
		{66FD6304-C5E0-4502-9EA2-DC326C470154}.Debug|x86.ActiveCfg = Debug|x86
		{66FD6304-C5E0-4502-9EA2-DC326C470154}.Debug|x86.Build.0 = Debug|x86
		{66FD6304-C5E0-4502-9EA2-DC326C470154}.Release|x86.ActiveCfg = Release|x86
		{66FD6304-C5E0-4502-9EA2-DC326C470154}.Release|x86.Build.0 = Release|x86
		{7D000598-61C2-42F5-9C9E-25DA05B2C90D}.Debug.Full|x86.ActiveCfg = Debug.Full|x86
		{7D000598-61C2-42F5-9C9E-25DA05B2C90D}.Debug.Full|x86.Build.0 = Debug.Full|x86
		{7D000598-61C2-42F5-9C9E-25DA05B2C90D}.Debug|x86.ActiveCfg = Debug|x86
		{7D000598-61C2-42F5-9C9E-25DA05B2C90D}.Debug|x86.Build.0 = Debug|x86
		{7D000598-61C2-42F5-9C9E-25DA05B2C90D}.Release|x86.ActiveCfg = Release|x86
		{7D000598-61C2-42F5-9C9E-25DA05B2C90D}.Release|x86.Build.0 = Release|x86
		{086EC5C0-1CBE-4ECB-8C28-B62DA47A6FA1}.Debug.Full|x86.ActiveCfg = Debug|x86
		{086EC5C0-1CBE-4ECB-8C28-B62DA47A6FA1}.Debug.Full|x86.Build.0 = Debug|x86
		{086EC5C0-1CBE-4ECB-8C28-B62DA47A6FA1}.Debug|x86.ActiveCfg = Debug|x86
		{086EC5C0-1CBE-4ECB-8C28-B62DA47A6FA1}.Debug|x86.Build.0 = Debug|x86
		{086EC5C0-1CBE-4ECB-8C28-B62DA47A6FA1}.Release|x86.ActiveCfg = Release|x86
		{086EC5C0-1CBE-4ECB-8C28-B62DA47A6FA1}.Release|x86.Build.0 = Release|x86
		{EBE64B8B-0CD8-4245-B27D-7534B6472741}.Debug.Full|x86.ActiveCfg = Debug|x86
		{EBE64B8B-0CD8-4245-B27D-7534B6472741}.Debug.Full|x86.Build.0 = Debug|x86
		{EBE64B8B-0CD8-4245-B27D-7534B6472741}.Debug|x86.ActiveCfg = Debug|x86
		{EBE64B8B-0CD8-4245-B27D-7534B6472741}.Debug|x86.Build.0 = Debug|x86
		{EBE64B8B-0CD8-4245-B27D-7534B6472741}.Release|x86.ActiveCfg = Release|x86
		{EBE64B8B-0CD8-4245-B27D-7534B6472741}.Release|x86.Build.0 = Release|x86
		{A25BA0EF-FC69-44BF-8F73-32EB8B3843F3}.Debug.Full|x86.ActiveCfg = Debug|x86
		{A25BA0EF-FC69-44BF-8F73-32EB8B3843F3}.Debug.Full|x86.Build.0 = Debug|x86
		{A25BA0EF-FC69-44BF-8F73-32EB8B3843F3}.Debug|x86.ActiveCfg = Debug|x86
		{A25BA0EF-FC69-44BF-8F73-32EB8B3843F3}.Debug|x86.Build.0 = Debug|x86
		{A25BA0EF-FC69-44BF-8F73-32EB8B3843F3}.Release|x86.ActiveCfg = Release|x86
		{A25BA0EF-FC69-44BF-8F73-32EB8B3843F3}.Release|x86.Build.0 = Release|x86
		{5AB92A6D-4845-4AC0-A8AC-2C79EEF212DF}.Debug.Full|x86.ActiveCfg = Debug|x86
		{5AB92A6D-4845-4AC0-A8AC-2C79EEF212DF}.Debug.Full|x86.Build.0 = Debug|x86
		{5AB92A6D-4845-4AC0-A8AC-2C79EEF212DF}.Debug|x86.ActiveCfg = Debug|x86
		{5AB92A6D-4845-4AC0-A8AC-2C79EEF212DF}.Debug|x86.Build.0 = Debug|x86
		{5AB92A6D-4845-4AC0-A8AC-2C79EEF212DF}.Release|x86.ActiveCfg = Release|x86
		{5AB92A6D-4845-4AC0-A8AC-2C79EEF212DF}.Release|x86.Build.0 = Release|x86
		{4E10E881-7D3B-4A2D-AEC7-9A657C0B3450}.Debug.Full|x86.ActiveCfg = Debug|x86
		{4E10E881-7D3B-4A2D-AEC7-9A657C0B3450}.Debug.Full|x86.Build.0 = Debug|x86
		{4E10E881-7D3B-4A2D-AEC7-9A657C0B3450}.Debug|x86.ActiveCfg = Debug|x86
		{4E10E881-7D3B-4A2D-AEC7-9A657C0B3450}.Debug|x86.Build.0 = Debug|x86
		{4E10E881-7D3B-4A2D-AEC7-9A657C0B3450}.Release|x86.ActiveCfg = Release|x86
		{4E10E881-7D3B-4A2D-AEC7-9A657C0B3450}.Release|x86.Build.0 = Release|x86
	EndGlobalSection
	GlobalSection(SolutionProperties) = preSolution
		HideSolutionNode = FALSE
	EndGlobalSection
EndGlobal
